{
  "name": "healthgate",
  "version": "0.0.1",
  "lockfileVersion": 1,
  "requires": true,
  "dependencies": {
    "medblocks": {
      "version": "0.0.2-1",
      "resolved": "https://registry.npmjs.org/medblocks/-/medblocks-0.0.2-1.tgz",
      "integrity": "sha512-hLhk6ikm7Ag4if0hXS2qw14TduihvHwAM4T7v3dpSYGLO5Vczw1SPXNgYxdnVpXoqqbiSALRlgFGvJdSVWh3Xg=="
    }
  }
}
