{
  "name": "healthgate",
  "version": "0.0.1",
  "lockfileVersion": 1,
  "requires": true,
  "dependencies": {
    "@fortawesome/fontawesome-free": {
      "version": "5.12.1",
      "resolved": "https://registry.npmjs.org/@fortawesome/fontawesome-free/-/fontawesome-free-5.12.1.tgz",
      "integrity": "sha512-ZtjIIFplxncqxvogq148C3hBLQE+W3iJ8E4UvJ09zIJUgzwLcROsWwFDErVSXY2Plzao5J9KUYNHKHMEUYDMKw==",
      "dev": true
    },
    "@interactjs/actions": {
      "version": "1.9.0",
      "resolved": "https://registry.npmjs.org/@interactjs/actions/-/actions-1.9.0.tgz",
      "integrity": "sha512-yf1yxz6pgMDVwaBxOhT+8CQkfVk7FvMx+pZEgNidE5Y0aK5fFMCYOyjKKY+DgYRHsEdoP9rpZ05dvT5J2ht0AQ==",
      "requires": {
        "@interactjs/interact": "1.9.0"
      }
    },
    "@interactjs/auto-scroll": {
      "version": "1.9.0",
      "resolved": "https://registry.npmjs.org/@interactjs/auto-scroll/-/auto-scroll-1.9.0.tgz",
      "integrity": "sha512-YZtXfq+y0rEaZz8lyA4+AkU6ltpQ0LCiZb9T9UQUbd0wHsrEecDN7tsDHcA7SLj5srU3niDFwgH//YvvDsPmRg==",
      "requires": {
        "@interactjs/interact": "1.9.0"
      }
    },
    "@interactjs/auto-start": {
      "version": "1.9.0",
      "resolved": "https://registry.npmjs.org/@interactjs/auto-start/-/auto-start-1.9.0.tgz",
      "integrity": "sha512-i8FNewgJLNblhElOeY4FpJ0sXOYhfVBozdTWFkqVIiU4NaZwMd9W3z3qrxfoLlMDHplwq0YbveChNP4rCJeidg==",
      "requires": {
        "@interactjs/interact": "1.9.0"
      }
    },
    "@interactjs/core": {
      "version": "1.9.0",
      "resolved": "https://registry.npmjs.org/@interactjs/core/-/core-1.9.0.tgz",
      "integrity": "sha512-LdMyTdlxlNpa48JLE6nlMKgl72f3ntNWb72rmXVnpXnUk3ucdoeCSqdaVxBtq478l3sjnflGMaON/OZshMQGyA=="
    },
    "@interactjs/dev-tools": {
      "version": "1.9.0",
      "resolved": "https://registry.npmjs.org/@interactjs/dev-tools/-/dev-tools-1.9.0.tgz",
      "integrity": "sha512-rF1UKO4o8tI4XI2iq3r6SPqjAqTuI9EbH5yWDRhB56jbDamrJtRwTws61d59alX+Kn3Ufdqk4cwkuzKxWohRYw==",
      "requires": {
        "@interactjs/interact": "1.9.0",
        "@interactjs/utils": "1.9.0"
      }
    },
    "@interactjs/inertia": {
      "version": "1.9.0",
      "resolved": "https://registry.npmjs.org/@interactjs/inertia/-/inertia-1.9.0.tgz",
      "integrity": "sha512-00xQqsYCSTwbyoxg3q48kmcCBGYQpvzGtnly16BFUkOPZ7a823haB6+w4vlUcKU9KCwiNdVfLxCECsOKoS4FJQ==",
      "requires": {
        "@interactjs/interact": "1.9.0"
      }
    },
    "@interactjs/interact": {
      "version": "1.9.0",
      "resolved": "https://registry.npmjs.org/@interactjs/interact/-/interact-1.9.0.tgz",
      "integrity": "sha512-qKA5kow9Jutsute3vVaEBVX3Q2HxZ/xK6WpU3v7V/XajYtYgexiXEJwmT5Bi5LCcZ2FT+m7bque21KxRW6cJhg==",
      "requires": {
        "@interactjs/interact": "1.9.0"
      }
    },
    "@interactjs/interactjs": {
      "version": "1.9.0",
      "resolved": "https://registry.npmjs.org/@interactjs/interactjs/-/interactjs-1.9.0.tgz",
      "integrity": "sha512-x5xZWbdX/28XqGCSEOtxxQdY0HB6pe8UP0frFalc6xmuRwo5xVGzTjcvXFOVtCdKnermgezNPUPIqSHf+kUJQg==",
      "requires": {
        "@interactjs/actions": "1.9.0",
        "@interactjs/auto-scroll": "1.9.0",
        "@interactjs/auto-start": "1.9.0",
        "@interactjs/dev-tools": "1.9.0",
        "@interactjs/inertia": "1.9.0",
        "@interactjs/interact": "1.9.0",
        "@interactjs/modifiers": "1.9.0",
        "@interactjs/offset": "1.9.0",
        "@interactjs/pointer-events": "1.9.0",
        "@interactjs/reflow": "1.9.0",
        "@interactjs/types": "1.9.0",
        "@interactjs/utils": "1.9.0"
      }
    },
    "@interactjs/modifiers": {
      "version": "1.9.0",
      "resolved": "https://registry.npmjs.org/@interactjs/modifiers/-/modifiers-1.9.0.tgz",
      "integrity": "sha512-XLZbP4GJ8PXCxpZjTGDTmDWOj4apKnV/CFdVMyWrryTWzrqnmsdpNtlJNkGwuPMVKt75T9BoVuwV12gmdnthsw==",
      "requires": {
        "@interactjs/interact": "1.9.0"
      }
    },
    "@interactjs/offset": {
      "version": "1.9.0",
      "resolved": "https://registry.npmjs.org/@interactjs/offset/-/offset-1.9.0.tgz",
      "integrity": "sha512-nbtH+V6EKMQl0vlGls8s8Yw/B3c5CxDBt2NMQfSKZPyLCWM2TClAd9Qrp8xmuFg2Y1cYaCGmy2riukffZaNVNg==",
      "requires": {
        "@interactjs/interact": "1.9.0"
      }
    },
    "@interactjs/pointer-events": {
      "version": "1.9.0",
      "resolved": "https://registry.npmjs.org/@interactjs/pointer-events/-/pointer-events-1.9.0.tgz",
      "integrity": "sha512-Sd5nzt+z/U5JiiPQEH/X0Wh1ead51xO9D9kSs7Hxk3GHli3K49NW52RO4YZ9UWX3lg5JhVrgfpXRAgIv+iNQAQ==",
      "requires": {
        "@interactjs/interact": "1.9.0"
      }
    },
    "@interactjs/reflow": {
      "version": "1.9.0",
      "resolved": "https://registry.npmjs.org/@interactjs/reflow/-/reflow-1.9.0.tgz",
      "integrity": "sha512-BbNE7p97XDwkoX8tjRHf1p3f/JyqJg/86kboZpl+5WCOa7c8V+oR+PObbg9/mp6WDRux+IEfbyONlB/4pNHhKg==",
      "requires": {
        "@interactjs/interact": "1.9.0"
      }
    },
    "@interactjs/types": {
      "version": "1.9.0",
      "resolved": "https://registry.npmjs.org/@interactjs/types/-/types-1.9.0.tgz",
      "integrity": "sha512-Feqg8/BdvXS5yL/gpO++jq6XDH+fXeV4OK93vSeQNvOlgoB5sclM64RwpwVeiDlpJ/5cNNbLIL/XC5SRfIWESw==",
      "requires": {
        "@interactjs/actions": "1.9.0",
        "@interactjs/auto-scroll": "1.9.0",
        "@interactjs/auto-start": "1.9.0",
        "@interactjs/core": "1.9.0",
        "@interactjs/dev-tools": "1.9.0",
        "@interactjs/inertia": "1.9.0",
        "@interactjs/interact": "1.9.0",
        "@interactjs/modifiers": "1.9.0",
        "@interactjs/pointer-events": "1.9.0",
        "@interactjs/reflow": "1.9.0",
        "@interactjs/utils": "1.9.0"
      }
    },
    "@interactjs/utils": {
      "version": "1.9.0",
      "resolved": "https://registry.npmjs.org/@interactjs/utils/-/utils-1.9.0.tgz",
      "integrity": "sha512-JxQ9C3Ljk6KboTIHG23OitDDwpPJBxfk1KGzaj8Jjqej879r0bhLdlew/DnmcFcLUqRXen/miA64YIsU3WJhWA=="
    },
    "batch-processor": {
      "version": "1.0.0",
      "resolved": "https://registry.npmjs.org/batch-processor/-/batch-processor-1.0.0.tgz",
      "integrity": "sha1-dclcMrdI4IUNEMKxaPa9vpiRrOg="
    },
    "element-resize-detector": {
      "version": "1.2.1",
      "resolved": "https://registry.npmjs.org/element-resize-detector/-/element-resize-detector-1.2.1.tgz",
      "integrity": "sha512-BdFsPepnQr9fznNPF9nF4vQ457U/ZJXQDSNF1zBe7yaga8v9AdZf3/NElYxFdUh7SitSGt040QygiTo6dtatIw==",
      "requires": {
        "batch-processor": "1.0.0"
      }
    },
    "interactjs": {
      "version": "1.9.0",
      "resolved": "https://registry.npmjs.org/interactjs/-/interactjs-1.9.0.tgz",
      "integrity": "sha512-PHy8XOB5f/p8pe+tKGFxNHWkxQo6gjca82x7VwU7TVixIXpkltM5qzjhmLHMOrVp8relkcpaMFuNMQmaBGalfA==",
      "requires": {
        "@interactjs/interactjs": "1.9.0",
        "@interactjs/types": "1.9.0"
      }
    },
    "medblocks": {
      "version": "0.0.2-1",
      "resolved": "https://registry.npmjs.org/medblocks/-/medblocks-0.0.2-1.tgz",
      "integrity": "sha512-hLhk6ikm7Ag4if0hXS2qw14TduihvHwAM4T7v3dpSYGLO5Vczw1SPXNgYxdnVpXoqqbiSALRlgFGvJdSVWh3Xg=="
    },
    "vue": {
      "version": "2.6.11",
      "resolved": "https://registry.npmjs.org/vue/-/vue-2.6.11.tgz",
      "integrity": "sha512-VfPwgcGABbGAue9+sfrD4PuwFar7gPb1yl1UK1MwXoQPAw0BKSqWfoYCT/ThFrdEVWoI51dBuyCoiNU9bZDZxQ=="
    },
    "vue-grid-layout": {
      "version": "2.3.7",
      "resolved": "https://registry.npmjs.org/vue-grid-layout/-/vue-grid-layout-2.3.7.tgz",
      "integrity": "sha512-q3FMiuog0hPsK/IUKtlg2A/lwPo86YlLaX9+wEiCTjUU++GabM2o9hDhRVruDJZLUah55iTg8LRttBxrxPv0WQ==",
      "requires": {
        "element-resize-detector": "^1.1.15",
        "interactjs": "^1.6.3"
      }
    }
  }
}
